
Microsoft Visual Studio Solution File, Format Version 12.00
# Visual Studio 2013
VisualStudioVersion = 12.0.21005.1
MinimumVisualStudioVersion = 10.0.40219.1
Project("{FAE04EC0-301F-11D3-BF4B-00C04F79EFBC}") = "SIS", "SIS\SIS.csproj", "{4487625C-D11F-4503-9FC7-71CE4477A786}"
	ProjectSection(ProjectDependencies) = postProject
		{9A7E4073-14C7-48BB-BE9E-D4F840FE57E8} = {9A7E4073-14C7-48BB-BE9E-D4F840FE57E8}
	EndProjectSection
EndProject
Project("{FAE04EC0-301F-11D3-BF4B-00C04F79EFBC}") = "My", "My\My.csproj", "{9A7E4073-14C7-48BB-BE9E-D4F840FE57E8}"
EndProject
Project("{FAE04EC0-301F-11D3-BF4B-00C04F79EFBC}") = "SNGenerateKey", "SNGenerateKey\SNGenerateKey.csproj", "{FECB6C34-BF99-452D-B126-E14BF2E5F53A}"
	ProjectSection(ProjectDependencies) = postProject
		{9A7E4073-14C7-48BB-BE9E-D4F840FE57E8} = {9A7E4073-14C7-48BB-BE9E-D4F840FE57E8}
	EndProjectSection
EndProject
Project("{FAE04EC0-301F-11D3-BF4B-00C04F79EFBC}") = "DBRecovery", "DBRecovery\DBRecovery.csproj", "{7A1B594C-3ABA-441A-B7C8-21A4E9C4C418}"
	ProjectSection(ProjectDependencies) = postProject
		{9A7E4073-14C7-48BB-BE9E-D4F840FE57E8} = {9A7E4073-14C7-48BB-BE9E-D4F840FE57E8}
	EndProjectSection
EndProject
Global
	GlobalSection(SolutionConfigurationPlatforms) = preSolution
		Debug|Any CPU = Debug|Any CPU
		Release|Any CPU = Release|Any CPU
	EndGlobalSection
	GlobalSection(ProjectConfigurationPlatforms) = postSolution
		{4487625C-D11F-4503-9FC7-71CE4477A786}.Debug|Any CPU.ActiveCfg = Debug|Any CPU
		{4487625C-D11F-4503-9FC7-71CE4477A786}.Debug|Any CPU.Build.0 = Debug|Any CPU
		{4487625C-D11F-4503-9FC7-71CE4477A786}.Release|Any CPU.ActiveCfg = Release|Any CPU
		{4487625C-D11F-4503-9FC7-71CE4477A786}.Release|Any CPU.Build.0 = Release|Any CPU
		{9A7E4073-14C7-48BB-BE9E-D4F840FE57E8}.Debug|Any CPU.ActiveCfg = Debug|Any CPU
		{9A7E4073-14C7-48BB-BE9E-D4F840FE57E8}.Debug|Any CPU.Build.0 = Debug|Any CPU
		{9A7E4073-14C7-48BB-BE9E-D4F840FE57E8}.Release|Any CPU.ActiveCfg = Release|Any CPU
		{9A7E4073-14C7-48BB-BE9E-D4F840FE57E8}.Release|Any CPU.Build.0 = Release|Any CPU
		{FECB6C34-BF99-452D-B126-E14BF2E5F53A}.Debug|Any CPU.ActiveCfg = Debug|Any CPU
		{FECB6C34-BF99-452D-B126-E14BF2E5F53A}.Debug|Any CPU.Build.0 = Debug|Any CPU
		{FECB6C34-BF99-452D-B126-E14BF2E5F53A}.Release|Any CPU.ActiveCfg = Release|Any CPU
		{FECB6C34-BF99-452D-B126-E14BF2E5F53A}.Release|Any CPU.Build.0 = Release|Any CPU
		{7A1B594C-3ABA-441A-B7C8-21A4E9C4C418}.Debug|Any CPU.ActiveCfg = Debug|Any CPU
		{7A1B594C-3ABA-441A-B7C8-21A4E9C4C418}.Debug|Any CPU.Build.0 = Debug|Any CPU
		{7A1B594C-3ABA-441A-B7C8-21A4E9C4C418}.Release|Any CPU.ActiveCfg = Release|Any CPU
		{7A1B594C-3ABA-441A-B7C8-21A4E9C4C418}.Release|Any CPU.Build.0 = Release|Any CPU
	EndGlobalSection
	GlobalSection(SolutionProperties) = preSolution
		HideSolutionNode = FALSE
	EndGlobalSection
EndGlobal
